
Microsoft Visual Studio Solution File, Format Version 12.00
# Visual Studio 15
VisualStudioVersion = 15.0.28010.2050
MinimumVisualStudioVersion = 10.0.40219.1
Project("{FAE04EC0-301F-11D3-BF4B-00C04F79EFBC}") = "MvcRouter", "MvcRouter\MvcRouter.csproj", "{42F6CCC4-7A79-424A-AC18-CE643493C74D}"
EndProject
Global
	GlobalSection(SolutionConfigurationPlatforms) = preSolution
		Debug|Any CPU = Debug|Any CPU
		Release|Any CPU = Release|Any CPU
	EndGlobalSection
	GlobalSection(ProjectConfigurationPlatforms) = postSolution
		{42F6CCC4-7A79-424A-AC18-CE643493C74D}.Debug|Any CPU.ActiveCfg = Debug|Any CPU
		{42F6CCC4-7A79-424A-AC18-CE643493C74D}.Debug|Any CPU.Build.0 = Debug|Any CPU
		{42F6CCC4-7A79-424A-AC18-CE643493C74D}.Release|Any CPU.ActiveCfg = Release|Any CPU
		{42F6CCC4-7A79-424A-AC18-CE643493C74D}.Release|Any CPU.Build.0 = Release|Any CPU
	EndGlobalSection
	GlobalSection(SolutionProperties) = preSolution
		HideSolutionNode = FALSE
	EndGlobalSection
	GlobalSection(ExtensibilityGlobals) = postSolution
		SolutionGuid = {F0167BF4-F086-4E98-AFA0-30778BCD79D2}
	EndGlobalSection
EndGlobal
